
Microsoft Visual Studio Solution File, Format Version 12.00
# Visual Studio 14
VisualStudioVersion = 14.0.25420.1
MinimumVisualStudioVersion = 10.0.40219.1
Project("{FAE04EC0-301F-11D3-BF4B-00C04F79EFBC}") = "Prospects.Cross.Android", "Prospects.Cross\Prospects.Cross.Android\Prospects.Cross.Android.csproj", "{C28C9B43-8F3A-43F3-890A-67E882A33DAA}"
EndProject
Project("{FAE04EC0-301F-11D3-BF4B-00C04F79EFBC}") = "Prospects.Cross", "Prospects.Cross\Prospects.Cross\Prospects.Cross.csproj", "{6AC3DD60-8F40-4354-9D00-067A375E55C8}"
EndProject
Project("{FAE04EC0-301F-11D3-BF4B-00C04F79EFBC}") = "Prospects.Cross.UWP", "Prospects.Cross\Prospects.Cross.UWP\Prospects.Cross.UWP.csproj", "{1C9A53D8-E583-4D8C-9C00-B30C8FBFEC88}"
EndProject
Project("{FAE04EC0-301F-11D3-BF4B-00C04F79EFBC}") = "Prospects.Cross.iOS", "Prospects.Cross\Prospects.Cross.iOS\Prospects.Cross.iOS.csproj", "{FEDFA893-C5F6-48A9-8555-E3EF12B97383}"
EndProject
Project("{2150E333-8FDC-42A3-9474-1A3956D46DE8}") = "UI", "UI", "{9E35019B-EEE4-4587-9333-B965BF3092EA}"
EndProject
Project("{2150E333-8FDC-42A3-9474-1A3956D46DE8}") = "Cross", "Cross", "{B5995AC0-4F28-4F93-8E7B-40938362FB5B}"
EndProject
Project("{FAE04EC0-301F-11D3-BF4B-00C04F79EFBC}") = "Prospects.Cross.Infrastructure", "Prospects.Cross.Infrastructure\Prospects.Cross.Infrastructure.csproj", "{FEE2B8EB-70A1-44FF-8F05-E7333636328B}"
EndProject
Project("{FAE04EC0-301F-11D3-BF4B-00C04F79EFBC}") = "Prospects.Cross.Core", "Prospects.Cross.Core\Prospects.Cross.Core.csproj", "{8C11CAD8-5045-406A-9A0A-CFB689C1BB8C}"
EndProject
Global
	GlobalSection(SolutionConfigurationPlatforms) = preSolution
		Ad-Hoc|Any CPU = Ad-Hoc|Any CPU
		Ad-Hoc|ARM = Ad-Hoc|ARM
		Ad-Hoc|iPhone = Ad-Hoc|iPhone
		Ad-Hoc|iPhoneSimulator = Ad-Hoc|iPhoneSimulator
		Ad-Hoc|x64 = Ad-Hoc|x64
		Ad-Hoc|x86 = Ad-Hoc|x86
		AppStore|Any CPU = AppStore|Any CPU
		AppStore|ARM = AppStore|ARM
		AppStore|iPhone = AppStore|iPhone
		AppStore|iPhoneSimulator = AppStore|iPhoneSimulator
		AppStore|x64 = AppStore|x64
		AppStore|x86 = AppStore|x86
		Debug|Any CPU = Debug|Any CPU
		Debug|ARM = Debug|ARM
		Debug|iPhone = Debug|iPhone
		Debug|iPhoneSimulator = Debug|iPhoneSimulator
		Debug|x64 = Debug|x64
		Debug|x86 = Debug|x86
		Release|Any CPU = Release|Any CPU
		Release|ARM = Release|ARM
		Release|iPhone = Release|iPhone
		Release|iPhoneSimulator = Release|iPhoneSimulator
		Release|x64 = Release|x64
		Release|x86 = Release|x86
	EndGlobalSection
	GlobalSection(ProjectConfigurationPlatforms) = postSolution
		{C28C9B43-8F3A-43F3-890A-67E882A33DAA}.Ad-Hoc|Any CPU.ActiveCfg = Release|Any CPU
		{C28C9B43-8F3A-43F3-890A-67E882A33DAA}.Ad-Hoc|Any CPU.Build.0 = Release|Any CPU
		{C28C9B43-8F3A-43F3-890A-67E882A33DAA}.Ad-Hoc|Any CPU.Deploy.0 = Release|Any CPU
		{C28C9B43-8F3A-43F3-890A-67E882A33DAA}.Ad-Hoc|ARM.ActiveCfg = Release|Any CPU
		{C28C9B43-8F3A-43F3-890A-67E882A33DAA}.Ad-Hoc|ARM.Build.0 = Release|Any CPU
		{C28C9B43-8F3A-43F3-890A-67E882A33DAA}.Ad-Hoc|ARM.Deploy.0 = Release|Any CPU
		{C28C9B43-8F3A-43F3-890A-67E882A33DAA}.Ad-Hoc|iPhone.ActiveCfg = Release|Any CPU
		{C28C9B43-8F3A-43F3-890A-67E882A33DAA}.Ad-Hoc|iPhone.Build.0 = Release|Any CPU
		{C28C9B43-8F3A-43F3-890A-67E882A33DAA}.Ad-Hoc|iPhone.Deploy.0 = Release|Any CPU
		{C28C9B43-8F3A-43F3-890A-67E882A33DAA}.Ad-Hoc|iPhoneSimulator.ActiveCfg = Release|Any CPU
		{C28C9B43-8F3A-43F3-890A-67E882A33DAA}.Ad-Hoc|iPhoneSimulator.Build.0 = Release|Any CPU
		{C28C9B43-8F3A-43F3-890A-67E882A33DAA}.Ad-Hoc|iPhoneSimulator.Deploy.0 = Release|Any CPU
		{C28C9B43-8F3A-43F3-890A-67E882A33DAA}.Ad-Hoc|x64.ActiveCfg = Release|Any CPU
		{C28C9B43-8F3A-43F3-890A-67E882A33DAA}.Ad-Hoc|x64.Build.0 = Release|Any CPU
		{C28C9B43-8F3A-43F3-890A-67E882A33DAA}.Ad-Hoc|x64.Deploy.0 = Release|Any CPU
		{C28C9B43-8F3A-43F3-890A-67E882A33DAA}.Ad-Hoc|x86.ActiveCfg = Release|Any CPU
		{C28C9B43-8F3A-43F3-890A-67E882A33DAA}.Ad-Hoc|x86.Build.0 = Release|Any CPU
		{C28C9B43-8F3A-43F3-890A-67E882A33DAA}.Ad-Hoc|x86.Deploy.0 = Release|Any CPU
		{C28C9B43-8F3A-43F3-890A-67E882A33DAA}.AppStore|Any CPU.ActiveCfg = Release|Any CPU
		{C28C9B43-8F3A-43F3-890A-67E882A33DAA}.AppStore|Any CPU.Build.0 = Release|Any CPU
		{C28C9B43-8F3A-43F3-890A-67E882A33DAA}.AppStore|Any CPU.Deploy.0 = Release|Any CPU
		{C28C9B43-8F3A-43F3-890A-67E882A33DAA}.AppStore|ARM.ActiveCfg = Release|Any CPU
		{C28C9B43-8F3A-43F3-890A-67E882A33DAA}.AppStore|ARM.Build.0 = Release|Any CPU
		{C28C9B43-8F3A-43F3-890A-67E882A33DAA}.AppStore|ARM.Deploy.0 = Release|Any CPU
		{C28C9B43-8F3A-43F3-890A-67E882A33DAA}.AppStore|iPhone.ActiveCfg = Release|Any CPU
		{C28C9B43-8F3A-43F3-890A-67E882A33DAA}.AppStore|iPhone.Build.0 = Release|Any CPU
		{C28C9B43-8F3A-43F3-890A-67E882A33DAA}.AppStore|iPhone.Deploy.0 = Release|Any CPU
		{C28C9B43-8F3A-43F3-890A-67E882A33DAA}.AppStore|iPhoneSimulator.ActiveCfg = Release|Any CPU
		{C28C9B43-8F3A-43F3-890A-67E882A33DAA}.AppStore|iPhoneSimulator.Build.0 = Release|Any CPU
		{C28C9B43-8F3A-43F3-890A-67E882A33DAA}.AppStore|iPhoneSimulator.Deploy.0 = Release|Any CPU
		{C28C9B43-8F3A-43F3-890A-67E882A33DAA}.AppStore|x64.ActiveCfg = Release|Any CPU
		{C28C9B43-8F3A-43F3-890A-67E882A33DAA}.AppStore|x64.Build.0 = Release|Any CPU
		{C28C9B43-8F3A-43F3-890A-67E882A33DAA}.AppStore|x64.Deploy.0 = Release|Any CPU
		{C28C9B43-8F3A-43F3-890A-67E882A33DAA}.AppStore|x86.ActiveCfg = Release|Any CPU
		{C28C9B43-8F3A-43F3-890A-67E882A33DAA}.AppStore|x86.Build.0 = Release|Any CPU
		{C28C9B43-8F3A-43F3-890A-67E882A33DAA}.AppStore|x86.Deploy.0 = Release|Any CPU
		{C28C9B43-8F3A-43F3-890A-67E882A33DAA}.Debug|Any CPU.ActiveCfg = Debug|Any CPU
		{C28C9B43-8F3A-43F3-890A-67E882A33DAA}.Debug|Any CPU.Build.0 = Debug|Any CPU
		{C28C9B43-8F3A-43F3-890A-67E882A33DAA}.Debug|Any CPU.Deploy.0 = Debug|Any CPU
		{C28C9B43-8F3A-43F3-890A-67E882A33DAA}.Debug|ARM.ActiveCfg = Debug|Any CPU
		{C28C9B43-8F3A-43F3-890A-67E882A33DAA}.Debug|ARM.Build.0 = Debug|Any CPU
		{C28C9B43-8F3A-43F3-890A-67E882A33DAA}.Debug|ARM.Deploy.0 = Debug|Any CPU
		{C28C9B43-8F3A-43F3-890A-67E882A33DAA}.Debug|iPhone.ActiveCfg = Debug|Any CPU
		{C28C9B43-8F3A-43F3-890A-67E882A33DAA}.Debug|iPhone.Build.0 = Debug|Any CPU
		{C28C9B43-8F3A-43F3-890A-67E882A33DAA}.Debug|iPhone.Deploy.0 = Debug|Any CPU
		{C28C9B43-8F3A-43F3-890A-67E882A33DAA}.Debug|iPhoneSimulator.ActiveCfg = Debug|Any CPU
		{C28C9B43-8F3A-43F3-890A-67E882A33DAA}.Debug|iPhoneSimulator.Build.0 = Debug|Any CPU
		{C28C9B43-8F3A-43F3-890A-67E882A33DAA}.Debug|iPhoneSimulator.Deploy.0 = Debug|Any CPU
		{C28C9B43-8F3A-43F3-890A-67E882A33DAA}.Debug|x64.ActiveCfg = Debug|Any CPU
		{C28C9B43-8F3A-43F3-890A-67E882A33DAA}.Debug|x64.Build.0 = Debug|Any CPU
		{C28C9B43-8F3A-43F3-890A-67E882A33DAA}.Debug|x64.Deploy.0 = Debug|Any CPU
		{C28C9B43-8F3A-43F3-890A-67E882A33DAA}.Debug|x86.ActiveCfg = Debug|Any CPU
		{C28C9B43-8F3A-43F3-890A-67E882A33DAA}.Debug|x86.Build.0 = Debug|Any CPU
		{C28C9B43-8F3A-43F3-890A-67E882A33DAA}.Debug|x86.Deploy.0 = Debug|Any CPU
		{C28C9B43-8F3A-43F3-890A-67E882A33DAA}.Release|Any CPU.ActiveCfg = Release|Any CPU
		{C28C9B43-8F3A-43F3-890A-67E882A33DAA}.Release|Any CPU.Build.0 = Release|Any CPU
		{C28C9B43-8F3A-43F3-890A-67E882A33DAA}.Release|Any CPU.Deploy.0 = Release|Any CPU
		{C28C9B43-8F3A-43F3-890A-67E882A33DAA}.Release|ARM.ActiveCfg = Release|Any CPU
		{C28C9B43-8F3A-43F3-890A-67E882A33DAA}.Release|ARM.Build.0 = Release|Any CPU
		{C28C9B43-8F3A-43F3-890A-67E882A33DAA}.Release|ARM.Deploy.0 = Release|Any CPU
		{C28C9B43-8F3A-43F3-890A-67E882A33DAA}.Release|iPhone.ActiveCfg = Release|Any CPU
		{C28C9B43-8F3A-43F3-890A-67E882A33DAA}.Release|iPhone.Build.0 = Release|Any CPU
		{C28C9B43-8F3A-43F3-890A-67E882A33DAA}.Release|iPhone.Deploy.0 = Release|Any CPU
		{C28C9B43-8F3A-43F3-890A-67E882A33DAA}.Release|iPhoneSimulator.ActiveCfg = Release|Any CPU
		{C28C9B43-8F3A-43F3-890A-67E882A33DAA}.Release|iPhoneSimulator.Build.0 = Release|Any CPU
		{C28C9B43-8F3A-43F3-890A-67E882A33DAA}.Release|iPhoneSimulator.Deploy.0 = Release|Any CPU
		{C28C9B43-8F3A-43F3-890A-67E882A33DAA}.Release|x64.ActiveCfg = Release|Any CPU
		{C28C9B43-8F3A-43F3-890A-67E882A33DAA}.Release|x64.Build.0 = Release|Any CPU
		{C28C9B43-8F3A-43F3-890A-67E882A33DAA}.Release|x64.Deploy.0 = Release|Any CPU
		{C28C9B43-8F3A-43F3-890A-67E882A33DAA}.Release|x86.ActiveCfg = Release|Any CPU
		{C28C9B43-8F3A-43F3-890A-67E882A33DAA}.Release|x86.Build.0 = Release|Any CPU
		{C28C9B43-8F3A-43F3-890A-67E882A33DAA}.Release|x86.Deploy.0 = Release|Any CPU
		{6AC3DD60-8F40-4354-9D00-067A375E55C8}.Ad-Hoc|Any CPU.ActiveCfg = Release|Any CPU
		{6AC3DD60-8F40-4354-9D00-067A375E55C8}.Ad-Hoc|Any CPU.Build.0 = Release|Any CPU
		{6AC3DD60-8F40-4354-9D00-067A375E55C8}.Ad-Hoc|ARM.ActiveCfg = Release|Any CPU
		{6AC3DD60-8F40-4354-9D00-067A375E55C8}.Ad-Hoc|ARM.Build.0 = Release|Any CPU
		{6AC3DD60-8F40-4354-9D00-067A375E55C8}.Ad-Hoc|iPhone.ActiveCfg = Release|Any CPU
		{6AC3DD60-8F40-4354-9D00-067A375E55C8}.Ad-Hoc|iPhone.Build.0 = Release|Any CPU
		{6AC3DD60-8F40-4354-9D00-067A375E55C8}.Ad-Hoc|iPhoneSimulator.ActiveCfg = Release|Any CPU
		{6AC3DD60-8F40-4354-9D00-067A375E55C8}.Ad-Hoc|iPhoneSimulator.Build.0 = Release|Any CPU
		{6AC3DD60-8F40-4354-9D00-067A375E55C8}.Ad-Hoc|x64.ActiveCfg = Release|Any CPU
		{6AC3DD60-8F40-4354-9D00-067A375E55C8}.Ad-Hoc|x64.Build.0 = Release|Any CPU
		{6AC3DD60-8F40-4354-9D00-067A375E55C8}.Ad-Hoc|x86.ActiveCfg = Release|Any CPU
		{6AC3DD60-8F40-4354-9D00-067A375E55C8}.Ad-Hoc|x86.Build.0 = Release|Any CPU
		{6AC3DD60-8F40-4354-9D00-067A375E55C8}.AppStore|Any CPU.ActiveCfg = Release|Any CPU
		{6AC3DD60-8F40-4354-9D00-067A375E55C8}.AppStore|Any CPU.Build.0 = Release|Any CPU
		{6AC3DD60-8F40-4354-9D00-067A375E55C8}.AppStore|ARM.ActiveCfg = Release|Any CPU
		{6AC3DD60-8F40-4354-9D00-067A375E55C8}.AppStore|ARM.Build.0 = Release|Any CPU
		{6AC3DD60-8F40-4354-9D00-067A375E55C8}.AppStore|iPhone.ActiveCfg = Release|Any CPU
		{6AC3DD60-8F40-4354-9D00-067A375E55C8}.AppStore|iPhone.Build.0 = Release|Any CPU
		{6AC3DD60-8F40-4354-9D00-067A375E55C8}.AppStore|iPhoneSimulator.ActiveCfg = Release|Any CPU
		{6AC3DD60-8F40-4354-9D00-067A375E55C8}.AppStore|iPhoneSimulator.Build.0 = Release|Any CPU
		{6AC3DD60-8F40-4354-9D00-067A375E55C8}.AppStore|x64.ActiveCfg = Release|Any CPU
		{6AC3DD60-8F40-4354-9D00-067A375E55C8}.AppStore|x64.Build.0 = Release|Any CPU
		{6AC3DD60-8F40-4354-9D00-067A375E55C8}.AppStore|x86.ActiveCfg = Release|Any CPU
		{6AC3DD60-8F40-4354-9D00-067A375E55C8}.AppStore|x86.Build.0 = Release|Any CPU
		{6AC3DD60-8F40-4354-9D00-067A375E55C8}.Debug|Any CPU.ActiveCfg = Debug|Any CPU
		{6AC3DD60-8F40-4354-9D00-067A375E55C8}.Debug|Any CPU.Build.0 = Debug|Any CPU
		{6AC3DD60-8F40-4354-9D00-067A375E55C8}.Debug|ARM.ActiveCfg = Debug|Any CPU
		{6AC3DD60-8F40-4354-9D00-067A375E55C8}.Debug|ARM.Build.0 = Debug|Any CPU
		{6AC3DD60-8F40-4354-9D00-067A375E55C8}.Debug|iPhone.ActiveCfg = Debug|Any CPU
		{6AC3DD60-8F40-4354-9D00-067A375E55C8}.Debug|iPhone.Build.0 = Debug|Any CPU
		{6AC3DD60-8F40-4354-9D00-067A375E55C8}.Debug|iPhoneSimulator.ActiveCfg = Debug|Any CPU
		{6AC3DD60-8F40-4354-9D00-067A375E55C8}.Debug|iPhoneSimulator.Build.0 = Debug|Any CPU
		{6AC3DD60-8F40-4354-9D00-067A375E55C8}.Debug|x64.ActiveCfg = Debug|Any CPU
		{6AC3DD60-8F40-4354-9D00-067A375E55C8}.Debug|x64.Build.0 = Debug|Any CPU
		{6AC3DD60-8F40-4354-9D00-067A375E55C8}.Debug|x86.ActiveCfg = Debug|Any CPU
		{6AC3DD60-8F40-4354-9D00-067A375E55C8}.Debug|x86.Build.0 = Debug|Any CPU
		{6AC3DD60-8F40-4354-9D00-067A375E55C8}.Release|Any CPU.ActiveCfg = Release|Any CPU
		{6AC3DD60-8F40-4354-9D00-067A375E55C8}.Release|Any CPU.Build.0 = Release|Any CPU
		{6AC3DD60-8F40-4354-9D00-067A375E55C8}.Release|ARM.ActiveCfg = Release|Any CPU
		{6AC3DD60-8F40-4354-9D00-067A375E55C8}.Release|ARM.Build.0 = Release|Any CPU
		{6AC3DD60-8F40-4354-9D00-067A375E55C8}.Release|iPhone.ActiveCfg = Release|Any CPU
		{6AC3DD60-8F40-4354-9D00-067A375E55C8}.Release|iPhone.Build.0 = Release|Any CPU
		{6AC3DD60-8F40-4354-9D00-067A375E55C8}.Release|iPhoneSimulator.ActiveCfg = Release|Any CPU
		{6AC3DD60-8F40-4354-9D00-067A375E55C8}.Release|iPhoneSimulator.Build.0 = Release|Any CPU
		{6AC3DD60-8F40-4354-9D00-067A375E55C8}.Release|x64.ActiveCfg = Release|Any CPU
		{6AC3DD60-8F40-4354-9D00-067A375E55C8}.Release|x64.Build.0 = Release|Any CPU
		{6AC3DD60-8F40-4354-9D00-067A375E55C8}.Release|x86.ActiveCfg = Release|Any CPU
		{6AC3DD60-8F40-4354-9D00-067A375E55C8}.Release|x86.Build.0 = Release|Any CPU
		{1C9A53D8-E583-4D8C-9C00-B30C8FBFEC88}.Ad-Hoc|Any CPU.ActiveCfg = Release|x86
		{1C9A53D8-E583-4D8C-9C00-B30C8FBFEC88}.Ad-Hoc|Any CPU.Build.0 = Release|x86
		{1C9A53D8-E583-4D8C-9C00-B30C8FBFEC88}.Ad-Hoc|Any CPU.Deploy.0 = Release|x86
		{1C9A53D8-E583-4D8C-9C00-B30C8FBFEC88}.Ad-Hoc|ARM.ActiveCfg = Release|ARM
		{1C9A53D8-E583-4D8C-9C00-B30C8FBFEC88}.Ad-Hoc|ARM.Build.0 = Release|ARM
		{1C9A53D8-E583-4D8C-9C00-B30C8FBFEC88}.Ad-Hoc|ARM.Deploy.0 = Release|ARM
		{1C9A53D8-E583-4D8C-9C00-B30C8FBFEC88}.Ad-Hoc|iPhone.ActiveCfg = Release|x86
		{1C9A53D8-E583-4D8C-9C00-B30C8FBFEC88}.Ad-Hoc|iPhone.Build.0 = Release|x86
		{1C9A53D8-E583-4D8C-9C00-B30C8FBFEC88}.Ad-Hoc|iPhone.Deploy.0 = Release|x86
		{1C9A53D8-E583-4D8C-9C00-B30C8FBFEC88}.Ad-Hoc|iPhoneSimulator.ActiveCfg = Release|x86
		{1C9A53D8-E583-4D8C-9C00-B30C8FBFEC88}.Ad-Hoc|iPhoneSimulator.Build.0 = Release|x86
		{1C9A53D8-E583-4D8C-9C00-B30C8FBFEC88}.Ad-Hoc|iPhoneSimulator.Deploy.0 = Release|x86
		{1C9A53D8-E583-4D8C-9C00-B30C8FBFEC88}.Ad-Hoc|x64.ActiveCfg = Release|x64
		{1C9A53D8-E583-4D8C-9C00-B30C8FBFEC88}.Ad-Hoc|x64.Build.0 = Release|x64
		{1C9A53D8-E583-4D8C-9C00-B30C8FBFEC88}.Ad-Hoc|x64.Deploy.0 = Release|x64
		{1C9A53D8-E583-4D8C-9C00-B30C8FBFEC88}.Ad-Hoc|x86.ActiveCfg = Release|x86
		{1C9A53D8-E583-4D8C-9C00-B30C8FBFEC88}.Ad-Hoc|x86.Build.0 = Release|x86
		{1C9A53D8-E583-4D8C-9C00-B30C8FBFEC88}.Ad-Hoc|x86.Deploy.0 = Release|x86
		{1C9A53D8-E583-4D8C-9C00-B30C8FBFEC88}.AppStore|Any CPU.ActiveCfg = Release|x86
		{1C9A53D8-E583-4D8C-9C00-B30C8FBFEC88}.AppStore|Any CPU.Build.0 = Release|x86
		{1C9A53D8-E583-4D8C-9C00-B30C8FBFEC88}.AppStore|Any CPU.Deploy.0 = Release|x86
		{1C9A53D8-E583-4D8C-9C00-B30C8FBFEC88}.AppStore|ARM.ActiveCfg = Release|ARM
		{1C9A53D8-E583-4D8C-9C00-B30C8FBFEC88}.AppStore|ARM.Build.0 = Release|ARM
		{1C9A53D8-E583-4D8C-9C00-B30C8FBFEC88}.AppStore|ARM.Deploy.0 = Release|ARM
		{1C9A53D8-E583-4D8C-9C00-B30C8FBFEC88}.AppStore|iPhone.ActiveCfg = Release|x86
		{1C9A53D8-E583-4D8C-9C00-B30C8FBFEC88}.AppStore|iPhone.Build.0 = Release|x86
		{1C9A53D8-E583-4D8C-9C00-B30C8FBFEC88}.AppStore|iPhone.Deploy.0 = Release|x86
		{1C9A53D8-E583-4D8C-9C00-B30C8FBFEC88}.AppStore|iPhoneSimulator.ActiveCfg = Release|x86
		{1C9A53D8-E583-4D8C-9C00-B30C8FBFEC88}.AppStore|iPhoneSimulator.Build.0 = Release|x86
		{1C9A53D8-E583-4D8C-9C00-B30C8FBFEC88}.AppStore|iPhoneSimulator.Deploy.0 = Release|x86
		{1C9A53D8-E583-4D8C-9C00-B30C8FBFEC88}.AppStore|x64.ActiveCfg = Release|x64
		{1C9A53D8-E583-4D8C-9C00-B30C8FBFEC88}.AppStore|x64.Build.0 = Release|x64
		{1C9A53D8-E583-4D8C-9C00-B30C8FBFEC88}.AppStore|x64.Deploy.0 = Release|x64
		{1C9A53D8-E583-4D8C-9C00-B30C8FBFEC88}.AppStore|x86.ActiveCfg = Release|x86
		{1C9A53D8-E583-4D8C-9C00-B30C8FBFEC88}.AppStore|x86.Build.0 = Release|x86
		{1C9A53D8-E583-4D8C-9C00-B30C8FBFEC88}.AppStore|x86.Deploy.0 = Release|x86
		{1C9A53D8-E583-4D8C-9C00-B30C8FBFEC88}.Debug|Any CPU.ActiveCfg = Debug|x86
		{1C9A53D8-E583-4D8C-9C00-B30C8FBFEC88}.Debug|ARM.ActiveCfg = Debug|ARM
		{1C9A53D8-E583-4D8C-9C00-B30C8FBFEC88}.Debug|ARM.Build.0 = Debug|ARM
		{1C9A53D8-E583-4D8C-9C00-B30C8FBFEC88}.Debug|ARM.Deploy.0 = Debug|ARM
		{1C9A53D8-E583-4D8C-9C00-B30C8FBFEC88}.Debug|iPhone.ActiveCfg = Debug|x86
		{1C9A53D8-E583-4D8C-9C00-B30C8FBFEC88}.Debug|iPhoneSimulator.ActiveCfg = Debug|x86
		{1C9A53D8-E583-4D8C-9C00-B30C8FBFEC88}.Debug|x64.ActiveCfg = Debug|x64
		{1C9A53D8-E583-4D8C-9C00-B30C8FBFEC88}.Debug|x64.Build.0 = Debug|x64
		{1C9A53D8-E583-4D8C-9C00-B30C8FBFEC88}.Debug|x64.Deploy.0 = Debug|x64
		{1C9A53D8-E583-4D8C-9C00-B30C8FBFEC88}.Debug|x86.ActiveCfg = Debug|x86
		{1C9A53D8-E583-4D8C-9C00-B30C8FBFEC88}.Debug|x86.Build.0 = Debug|x86
		{1C9A53D8-E583-4D8C-9C00-B30C8FBFEC88}.Debug|x86.Deploy.0 = Debug|x86
		{1C9A53D8-E583-4D8C-9C00-B30C8FBFEC88}.Release|Any CPU.ActiveCfg = Release|x86
		{1C9A53D8-E583-4D8C-9C00-B30C8FBFEC88}.Release|ARM.ActiveCfg = Release|ARM
		{1C9A53D8-E583-4D8C-9C00-B30C8FBFEC88}.Release|ARM.Build.0 = Release|ARM
		{1C9A53D8-E583-4D8C-9C00-B30C8FBFEC88}.Release|ARM.Deploy.0 = Release|ARM
		{1C9A53D8-E583-4D8C-9C00-B30C8FBFEC88}.Release|iPhone.ActiveCfg = Release|x86
		{1C9A53D8-E583-4D8C-9C00-B30C8FBFEC88}.Release|iPhoneSimulator.ActiveCfg = Release|x86
		{1C9A53D8-E583-4D8C-9C00-B30C8FBFEC88}.Release|x64.ActiveCfg = Release|x64
		{1C9A53D8-E583-4D8C-9C00-B30C8FBFEC88}.Release|x64.Build.0 = Release|x64
		{1C9A53D8-E583-4D8C-9C00-B30C8FBFEC88}.Release|x64.Deploy.0 = Release|x64
		{1C9A53D8-E583-4D8C-9C00-B30C8FBFEC88}.Release|x86.ActiveCfg = Release|x86
		{1C9A53D8-E583-4D8C-9C00-B30C8FBFEC88}.Release|x86.Build.0 = Release|x86
		{1C9A53D8-E583-4D8C-9C00-B30C8FBFEC88}.Release|x86.Deploy.0 = Release|x86
		{FEDFA893-C5F6-48A9-8555-E3EF12B97383}.Ad-Hoc|Any CPU.ActiveCfg = Ad-Hoc|iPhone
		{FEDFA893-C5F6-48A9-8555-E3EF12B97383}.Ad-Hoc|ARM.ActiveCfg = Ad-Hoc|iPhone
		{FEDFA893-C5F6-48A9-8555-E3EF12B97383}.Ad-Hoc|iPhone.ActiveCfg = Ad-Hoc|iPhone
		{FEDFA893-C5F6-48A9-8555-E3EF12B97383}.Ad-Hoc|iPhone.Build.0 = Ad-Hoc|iPhone
		{FEDFA893-C5F6-48A9-8555-E3EF12B97383}.Ad-Hoc|iPhoneSimulator.ActiveCfg = Ad-Hoc|iPhoneSimulator
		{FEDFA893-C5F6-48A9-8555-E3EF12B97383}.Ad-Hoc|iPhoneSimulator.Build.0 = Ad-Hoc|iPhoneSimulator
		{FEDFA893-C5F6-48A9-8555-E3EF12B97383}.Ad-Hoc|x64.ActiveCfg = Ad-Hoc|iPhone
		{FEDFA893-C5F6-48A9-8555-E3EF12B97383}.Ad-Hoc|x86.ActiveCfg = Ad-Hoc|iPhone
		{FEDFA893-C5F6-48A9-8555-E3EF12B97383}.AppStore|Any CPU.ActiveCfg = AppStore|iPhone
		{FEDFA893-C5F6-48A9-8555-E3EF12B97383}.AppStore|ARM.ActiveCfg = AppStore|iPhone
		{FEDFA893-C5F6-48A9-8555-E3EF12B97383}.AppStore|iPhone.ActiveCfg = AppStore|iPhone
		{FEDFA893-C5F6-48A9-8555-E3EF12B97383}.AppStore|iPhone.Build.0 = AppStore|iPhone
		{FEDFA893-C5F6-48A9-8555-E3EF12B97383}.AppStore|iPhoneSimulator.ActiveCfg = AppStore|iPhoneSimulator
		{FEDFA893-C5F6-48A9-8555-E3EF12B97383}.AppStore|iPhoneSimulator.Build.0 = AppStore|iPhoneSimulator
		{FEDFA893-C5F6-48A9-8555-E3EF12B97383}.AppStore|x64.ActiveCfg = AppStore|iPhone
		{FEDFA893-C5F6-48A9-8555-E3EF12B97383}.AppStore|x86.ActiveCfg = AppStore|iPhone
		{FEDFA893-C5F6-48A9-8555-E3EF12B97383}.Debug|Any CPU.ActiveCfg = Debug|iPhone
		{FEDFA893-C5F6-48A9-8555-E3EF12B97383}.Debug|ARM.ActiveCfg = Debug|iPhone
		{FEDFA893-C5F6-48A9-8555-E3EF12B97383}.Debug|iPhone.ActiveCfg = Debug|iPhone
		{FEDFA893-C5F6-48A9-8555-E3EF12B97383}.Debug|iPhone.Build.0 = Debug|iPhone
		{FEDFA893-C5F6-48A9-8555-E3EF12B97383}.Debug|iPhoneSimulator.ActiveCfg = Debug|iPhoneSimulator
		{FEDFA893-C5F6-48A9-8555-E3EF12B97383}.Debug|iPhoneSimulator.Build.0 = Debug|iPhoneSimulator
		{FEDFA893-C5F6-48A9-8555-E3EF12B97383}.Debug|x64.ActiveCfg = Debug|iPhone
		{FEDFA893-C5F6-48A9-8555-E3EF12B97383}.Debug|x86.ActiveCfg = Debug|iPhone
		{FEDFA893-C5F6-48A9-8555-E3EF12B97383}.Release|Any CPU.ActiveCfg = Release|iPhone
		{FEDFA893-C5F6-48A9-8555-E3EF12B97383}.Release|ARM.ActiveCfg = Release|iPhone
		{FEDFA893-C5F6-48A9-8555-E3EF12B97383}.Release|iPhone.ActiveCfg = Release|iPhone
		{FEDFA893-C5F6-48A9-8555-E3EF12B97383}.Release|iPhone.Build.0 = Release|iPhone
		{FEDFA893-C5F6-48A9-8555-E3EF12B97383}.Release|iPhoneSimulator.ActiveCfg = Release|iPhoneSimulator
		{FEDFA893-C5F6-48A9-8555-E3EF12B97383}.Release|iPhoneSimulator.Build.0 = Release|iPhoneSimulator
		{FEDFA893-C5F6-48A9-8555-E3EF12B97383}.Release|x64.ActiveCfg = Release|iPhone
		{FEDFA893-C5F6-48A9-8555-E3EF12B97383}.Release|x86.ActiveCfg = Release|iPhone
		{FEE2B8EB-70A1-44FF-8F05-E7333636328B}.Ad-Hoc|Any CPU.ActiveCfg = Release|Any CPU
		{FEE2B8EB-70A1-44FF-8F05-E7333636328B}.Ad-Hoc|Any CPU.Build.0 = Release|Any CPU
		{FEE2B8EB-70A1-44FF-8F05-E7333636328B}.Ad-Hoc|ARM.ActiveCfg = Release|Any CPU
		{FEE2B8EB-70A1-44FF-8F05-E7333636328B}.Ad-Hoc|ARM.Build.0 = Release|Any CPU
		{FEE2B8EB-70A1-44FF-8F05-E7333636328B}.Ad-Hoc|iPhone.ActiveCfg = Release|Any CPU
		{FEE2B8EB-70A1-44FF-8F05-E7333636328B}.Ad-Hoc|iPhone.Build.0 = Release|Any CPU
		{FEE2B8EB-70A1-44FF-8F05-E7333636328B}.Ad-Hoc|iPhoneSimulator.ActiveCfg = Release|Any CPU
		{FEE2B8EB-70A1-44FF-8F05-E7333636328B}.Ad-Hoc|iPhoneSimulator.Build.0 = Release|Any CPU
		{FEE2B8EB-70A1-44FF-8F05-E7333636328B}.Ad-Hoc|x64.ActiveCfg = Release|Any CPU
		{FEE2B8EB-70A1-44FF-8F05-E7333636328B}.Ad-Hoc|x64.Build.0 = Release|Any CPU
		{FEE2B8EB-70A1-44FF-8F05-E7333636328B}.Ad-Hoc|x86.ActiveCfg = Release|Any CPU
		{FEE2B8EB-70A1-44FF-8F05-E7333636328B}.Ad-Hoc|x86.Build.0 = Release|Any CPU
		{FEE2B8EB-70A1-44FF-8F05-E7333636328B}.AppStore|Any CPU.ActiveCfg = Release|Any CPU
		{FEE2B8EB-70A1-44FF-8F05-E7333636328B}.AppStore|Any CPU.Build.0 = Release|Any CPU
		{FEE2B8EB-70A1-44FF-8F05-E7333636328B}.AppStore|ARM.ActiveCfg = Release|Any CPU
		{FEE2B8EB-70A1-44FF-8F05-E7333636328B}.AppStore|ARM.Build.0 = Release|Any CPU
		{FEE2B8EB-70A1-44FF-8F05-E7333636328B}.AppStore|iPhone.ActiveCfg = Release|Any CPU
		{FEE2B8EB-70A1-44FF-8F05-E7333636328B}.AppStore|iPhone.Build.0 = Release|Any CPU
		{FEE2B8EB-70A1-44FF-8F05-E7333636328B}.AppStore|iPhoneSimulator.ActiveCfg = Release|Any CPU
		{FEE2B8EB-70A1-44FF-8F05-E7333636328B}.AppStore|iPhoneSimulator.Build.0 = Release|Any CPU
		{FEE2B8EB-70A1-44FF-8F05-E7333636328B}.AppStore|x64.ActiveCfg = Release|Any CPU
		{FEE2B8EB-70A1-44FF-8F05-E7333636328B}.AppStore|x64.Build.0 = Release|Any CPU
		{FEE2B8EB-70A1-44FF-8F05-E7333636328B}.AppStore|x86.ActiveCfg = Release|Any CPU
		{FEE2B8EB-70A1-44FF-8F05-E7333636328B}.AppStore|x86.Build.0 = Release|Any CPU
		{FEE2B8EB-70A1-44FF-8F05-E7333636328B}.Debug|Any CPU.ActiveCfg = Debug|Any CPU
		{FEE2B8EB-70A1-44FF-8F05-E7333636328B}.Debug|Any CPU.Build.0 = Debug|Any CPU
		{FEE2B8EB-70A1-44FF-8F05-E7333636328B}.Debug|ARM.ActiveCfg = Debug|Any CPU
		{FEE2B8EB-70A1-44FF-8F05-E7333636328B}.Debug|ARM.Build.0 = Debug|Any CPU
		{FEE2B8EB-70A1-44FF-8F05-E7333636328B}.Debug|iPhone.ActiveCfg = Debug|Any CPU
		{FEE2B8EB-70A1-44FF-8F05-E7333636328B}.Debug|iPhone.Build.0 = Debug|Any CPU
		{FEE2B8EB-70A1-44FF-8F05-E7333636328B}.Debug|iPhoneSimulator.ActiveCfg = Debug|Any CPU
		{FEE2B8EB-70A1-44FF-8F05-E7333636328B}.Debug|iPhoneSimulator.Build.0 = Debug|Any CPU
		{FEE2B8EB-70A1-44FF-8F05-E7333636328B}.Debug|x64.ActiveCfg = Debug|Any CPU
		{FEE2B8EB-70A1-44FF-8F05-E7333636328B}.Debug|x64.Build.0 = Debug|Any CPU
		{FEE2B8EB-70A1-44FF-8F05-E7333636328B}.Debug|x86.ActiveCfg = Debug|Any CPU
		{FEE2B8EB-70A1-44FF-8F05-E7333636328B}.Debug|x86.Build.0 = Debug|Any CPU
		{FEE2B8EB-70A1-44FF-8F05-E7333636328B}.Release|Any CPU.ActiveCfg = Release|Any CPU
		{FEE2B8EB-70A1-44FF-8F05-E7333636328B}.Release|Any CPU.Build.0 = Release|Any CPU
		{FEE2B8EB-70A1-44FF-8F05-E7333636328B}.Release|ARM.ActiveCfg = Release|Any CPU
		{FEE2B8EB-70A1-44FF-8F05-E7333636328B}.Release|ARM.Build.0 = Release|Any CPU
		{FEE2B8EB-70A1-44FF-8F05-E7333636328B}.Release|iPhone.ActiveCfg = Release|Any CPU
		{FEE2B8EB-70A1-44FF-8F05-E7333636328B}.Release|iPhone.Build.0 = Release|Any CPU
		{FEE2B8EB-70A1-44FF-8F05-E7333636328B}.Release|iPhoneSimulator.ActiveCfg = Release|Any CPU
		{FEE2B8EB-70A1-44FF-8F05-E7333636328B}.Release|iPhoneSimulator.Build.0 = Release|Any CPU
		{FEE2B8EB-70A1-44FF-8F05-E7333636328B}.Release|x64.ActiveCfg = Release|Any CPU
		{FEE2B8EB-70A1-44FF-8F05-E7333636328B}.Release|x64.Build.0 = Release|Any CPU
		{FEE2B8EB-70A1-44FF-8F05-E7333636328B}.Release|x86.ActiveCfg = Release|Any CPU
		{FEE2B8EB-70A1-44FF-8F05-E7333636328B}.Release|x86.Build.0 = Release|Any CPU
		{8C11CAD8-5045-406A-9A0A-CFB689C1BB8C}.Ad-Hoc|Any CPU.ActiveCfg = Release|Any CPU
		{8C11CAD8-5045-406A-9A0A-CFB689C1BB8C}.Ad-Hoc|Any CPU.Build.0 = Release|Any CPU
		{8C11CAD8-5045-406A-9A0A-CFB689C1BB8C}.Ad-Hoc|ARM.ActiveCfg = Release|Any CPU
		{8C11CAD8-5045-406A-9A0A-CFB689C1BB8C}.Ad-Hoc|ARM.Build.0 = Release|Any CPU
		{8C11CAD8-5045-406A-9A0A-CFB689C1BB8C}.Ad-Hoc|iPhone.ActiveCfg = Release|Any CPU
		{8C11CAD8-5045-406A-9A0A-CFB689C1BB8C}.Ad-Hoc|iPhone.Build.0 = Release|Any CPU
		{8C11CAD8-5045-406A-9A0A-CFB689C1BB8C}.Ad-Hoc|iPhoneSimulator.ActiveCfg = Release|Any CPU
		{8C11CAD8-5045-406A-9A0A-CFB689C1BB8C}.Ad-Hoc|iPhoneSimulator.Build.0 = Release|Any CPU
		{8C11CAD8-5045-406A-9A0A-CFB689C1BB8C}.Ad-Hoc|x64.ActiveCfg = Release|Any CPU
		{8C11CAD8-5045-406A-9A0A-CFB689C1BB8C}.Ad-Hoc|x64.Build.0 = Release|Any CPU
		{8C11CAD8-5045-406A-9A0A-CFB689C1BB8C}.Ad-Hoc|x86.ActiveCfg = Release|Any CPU
		{8C11CAD8-5045-406A-9A0A-CFB689C1BB8C}.Ad-Hoc|x86.Build.0 = Release|Any CPU
		{8C11CAD8-5045-406A-9A0A-CFB689C1BB8C}.AppStore|Any CPU.ActiveCfg = Release|Any CPU
		{8C11CAD8-5045-406A-9A0A-CFB689C1BB8C}.AppStore|Any CPU.Build.0 = Release|Any CPU
		{8C11CAD8-5045-406A-9A0A-CFB689C1BB8C}.AppStore|ARM.ActiveCfg = Release|Any CPU
		{8C11CAD8-5045-406A-9A0A-CFB689C1BB8C}.AppStore|ARM.Build.0 = Release|Any CPU
		{8C11CAD8-5045-406A-9A0A-CFB689C1BB8C}.AppStore|iPhone.ActiveCfg = Release|Any CPU
		{8C11CAD8-5045-406A-9A0A-CFB689C1BB8C}.AppStore|iPhone.Build.0 = Release|Any CPU
		{8C11CAD8-5045-406A-9A0A-CFB689C1BB8C}.AppStore|iPhoneSimulator.ActiveCfg = Release|Any CPU
		{8C11CAD8-5045-406A-9A0A-CFB689C1BB8C}.AppStore|iPhoneSimulator.Build.0 = Release|Any CPU
		{8C11CAD8-5045-406A-9A0A-CFB689C1BB8C}.AppStore|x64.ActiveCfg = Release|Any CPU
		{8C11CAD8-5045-406A-9A0A-CFB689C1BB8C}.AppStore|x64.Build.0 = Release|Any CPU
		{8C11CAD8-5045-406A-9A0A-CFB689C1BB8C}.AppStore|x86.ActiveCfg = Release|Any CPU
		{8C11CAD8-5045-406A-9A0A-CFB689C1BB8C}.AppStore|x86.Build.0 = Release|Any CPU
		{8C11CAD8-5045-406A-9A0A-CFB689C1BB8C}.Debug|Any CPU.ActiveCfg = Debug|Any CPU
		{8C11CAD8-5045-406A-9A0A-CFB689C1BB8C}.Debug|Any CPU.Build.0 = Debug|Any CPU
		{8C11CAD8-5045-406A-9A0A-CFB689C1BB8C}.Debug|ARM.ActiveCfg = Debug|Any CPU
		{8C11CAD8-5045-406A-9A0A-CFB689C1BB8C}.Debug|ARM.Build.0 = Debug|Any CPU
		{8C11CAD8-5045-406A-9A0A-CFB689C1BB8C}.Debug|iPhone.ActiveCfg = Debug|Any CPU
		{8C11CAD8-5045-406A-9A0A-CFB689C1BB8C}.Debug|iPhone.Build.0 = Debug|Any CPU
		{8C11CAD8-5045-406A-9A0A-CFB689C1BB8C}.Debug|iPhoneSimulator.ActiveCfg = Debug|Any CPU
		{8C11CAD8-5045-406A-9A0A-CFB689C1BB8C}.Debug|iPhoneSimulator.Build.0 = Debug|Any CPU
		{8C11CAD8-5045-406A-9A0A-CFB689C1BB8C}.Debug|x64.ActiveCfg = Debug|Any CPU
		{8C11CAD8-5045-406A-9A0A-CFB689C1BB8C}.Debug|x64.Build.0 = Debug|Any CPU
		{8C11CAD8-5045-406A-9A0A-CFB689C1BB8C}.Debug|x86.ActiveCfg = Debug|Any CPU
		{8C11CAD8-5045-406A-9A0A-CFB689C1BB8C}.Debug|x86.Build.0 = Debug|Any CPU
		{8C11CAD8-5045-406A-9A0A-CFB689C1BB8C}.Release|Any CPU.ActiveCfg = Release|Any CPU
		{8C11CAD8-5045-406A-9A0A-CFB689C1BB8C}.Release|Any CPU.Build.0 = Release|Any CPU
		{8C11CAD8-5045-406A-9A0A-CFB689C1BB8C}.Release|ARM.ActiveCfg = Release|Any CPU
		{8C11CAD8-5045-406A-9A0A-CFB689C1BB8C}.Release|ARM.Build.0 = Release|Any CPU
		{8C11CAD8-5045-406A-9A0A-CFB689C1BB8C}.Release|iPhone.ActiveCfg = Release|Any CPU
		{8C11CAD8-5045-406A-9A0A-CFB689C1BB8C}.Release|iPhone.Build.0 = Release|Any CPU
		{8C11CAD8-5045-406A-9A0A-CFB689C1BB8C}.Release|iPhoneSimulator.ActiveCfg = Release|Any CPU
		{8C11CAD8-5045-406A-9A0A-CFB689C1BB8C}.Release|iPhoneSimulator.Build.0 = Release|Any CPU
		{8C11CAD8-5045-406A-9A0A-CFB689C1BB8C}.Release|x64.ActiveCfg = Release|Any CPU
		{8C11CAD8-5045-406A-9A0A-CFB689C1BB8C}.Release|x64.Build.0 = Release|Any CPU
		{8C11CAD8-5045-406A-9A0A-CFB689C1BB8C}.Release|x86.ActiveCfg = Release|Any CPU
		{8C11CAD8-5045-406A-9A0A-CFB689C1BB8C}.Release|x86.Build.0 = Release|Any CPU
	EndGlobalSection
	GlobalSection(SolutionProperties) = preSolution
		HideSolutionNode = FALSE
	EndGlobalSection
	GlobalSection(NestedProjects) = preSolution
		{C28C9B43-8F3A-43F3-890A-67E882A33DAA} = {9E35019B-EEE4-4587-9333-B965BF3092EA}
		{6AC3DD60-8F40-4354-9D00-067A375E55C8} = {B5995AC0-4F28-4F93-8E7B-40938362FB5B}
		{1C9A53D8-E583-4D8C-9C00-B30C8FBFEC88} = {9E35019B-EEE4-4587-9333-B965BF3092EA}
		{FEDFA893-C5F6-48A9-8555-E3EF12B97383} = {9E35019B-EEE4-4587-9333-B965BF3092EA}
		{FEE2B8EB-70A1-44FF-8F05-E7333636328B} = {B5995AC0-4F28-4F93-8E7B-40938362FB5B}
		{8C11CAD8-5045-406A-9A0A-CFB689C1BB8C} = {B5995AC0-4F28-4F93-8E7B-40938362FB5B}
	EndGlobalSection
EndGlobal
